{
  "name": "test2",
  "lockfileVersion": 3,
  "requires": true,
  "packages": {
    "": {
      "dependencies": {
        "shogi.js": "^5.4.1"
      }
    },
    "node_modules/shogi.js": {
      "version": "5.4.1",
      "resolved": "https://registry.npmjs.org/shogi.js/-/shogi.js-5.4.1.tgz",
      "integrity": "sha512-63YlCIN9IMbDvqUaCAKT77KCl7es+KQjXCdFx0nSZ3Fgth71qvZZuDQD9fqGKuVswdX00WFtiM97qzh1ZJ55sA==",
      "license": "MIT"
    }
  }
}
